// !$*UTF8*$!
{
	archiveVersion = 1;
	classes = {
	};
	objectVersion = 50;
	objects = {

/* Begin PBXBuildFile section */
		ADA47C19226D2D4D00500FAA /* AppDelegate.swift in Sources */ = {isa = PBXBuildFile; fileRef = ADA47C18226D2D4D00500FAA /* AppDelegate.swift */; };
		ADA47C1E226D2D4D00500FAA /* Main.storyboard in Resources */ = {isa = PBXBuildFile; fileRef = ADA47C1C226D2D4D00500FAA /* Main.storyboard */; };
		ADA47C20226D2D4F00500FAA /* Assets.xcassets in Resources */ = {isa = PBXBuildFile; fileRef = ADA47C1F226D2D4F00500FAA /* Assets.xcassets */; };
		ADA47C23226D2D4F00500FAA /* LaunchScreen.storyboard in Resources */ = {isa = PBXBuildFile; fileRef = ADA47C21226D2D4F00500FAA /* LaunchScreen.storyboard */; };
		ADA47C30226D31E600500FAA /* RootNavigationController.swift in Sources */ = {isa = PBXBuildFile; fileRef = ADA47C2F226D31E600500FAA /* RootNavigationController.swift */; };
		ADA47C32226D328400500FAA /* CompaniesController.swift in Sources */ = {isa = PBXBuildFile; fileRef = ADA47C31226D328400500FAA /* CompaniesController.swift */; };
		ADA47C35226D510F00500FAA /* CompanyCell.swift in Sources */ = {isa = PBXBuildFile; fileRef = ADA47C34226D510F00500FAA /* CompanyCell.swift */; };
		ADA47C38226D522200500FAA /* UIColor+theme.swift in Sources */ = {isa = PBXBuildFile; fileRef = ADA47C37226D522200500FAA /* UIColor+theme.swift */; };
		ADA47C3B226D5C0600500FAA /* Company.swift in Sources */ = {isa = PBXBuildFile; fileRef = ADA47C3A226D5C0600500FAA /* Company.swift */; };
		ADA47C3D226D5F0700500FAA /* CompanyModificationController.swift in Sources */ = {isa = PBXBuildFile; fileRef = ADA47C3C226D5F0700500FAA /* CompanyModificationController.swift */; };
		ADA47C3F226D662600500FAA /* CompanyModificationView.swift in Sources */ = {isa = PBXBuildFile; fileRef = ADA47C3E226D662600500FAA /* CompanyModificationView.swift */; };
		ADA47C42226D8CAE00500FAA /* CreateCompanyControllerDelegate.swift in Sources */ = {isa = PBXBuildFile; fileRef = ADA47C41226D8CAE00500FAA /* CreateCompanyControllerDelegate.swift */; };
		ADA47C45226D901600500FAA /* CompaniesModels.xcdatamodeld in Sources */ = {isa = PBXBuildFile; fileRef = ADA47C43226D901600500FAA /* CompaniesModels.xcdatamodeld */; };
		ADA47C48226F336900500FAA /* CoreDataManager.swift in Sources */ = {isa = PBXBuildFile; fileRef = ADA47C47226F336900500FAA /* CoreDataManager.swift */; };
/* End PBXBuildFile section */

/* Begin PBXFileReference section */
		ADA47C15226D2D4D00500FAA /* Companies.app */ = {isa = PBXFileReference; explicitFileType = wrapper.application; includeInIndex = 0; path = Companies.app; sourceTree = BUILT_PRODUCTS_DIR; };
		ADA47C18226D2D4D00500FAA /* AppDelegate.swift */ = {isa = PBXFileReference; lastKnownFileType = sourcecode.swift; path = AppDelegate.swift; sourceTree = "<group>"; };
		ADA47C1D226D2D4D00500FAA /* Base */ = {isa = PBXFileReference; lastKnownFileType = file.storyboard; name = Base; path = Base.lproj/Main.storyboard; sourceTree = "<group>"; };
		ADA47C1F226D2D4F00500FAA /* Assets.xcassets */ = {isa = PBXFileReference; lastKnownFileType = folder.assetcatalog; path = Assets.xcassets; sourceTree = "<group>"; };
		ADA47C22226D2D4F00500FAA /* Base */ = {isa = PBXFileReference; lastKnownFileType = file.storyboard; name = Base; path = Base.lproj/LaunchScreen.storyboard; sourceTree = "<group>"; };
		ADA47C24226D2D4F00500FAA /* Info.plist */ = {isa = PBXFileReference; lastKnownFileType = text.plist.xml; path = Info.plist; sourceTree = "<group>"; };
		ADA47C2F226D31E600500FAA /* RootNavigationController.swift */ = {isa = PBXFileReference; lastKnownFileType = sourcecode.swift; path = RootNavigationController.swift; sourceTree = "<group>"; };
		ADA47C31226D328400500FAA /* CompaniesController.swift */ = {isa = PBXFileReference; lastKnownFileType = sourcecode.swift; path = CompaniesController.swift; sourceTree = "<group>"; };
		ADA47C34226D510F00500FAA /* CompanyCell.swift */ = {isa = PBXFileReference; lastKnownFileType = sourcecode.swift; path = CompanyCell.swift; sourceTree = "<group>"; };
		ADA47C37226D522200500FAA /* UIColor+theme.swift */ = {isa = PBXFileReference; lastKnownFileType = sourcecode.swift; path = "UIColor+theme.swift"; sourceTree = "<group>"; };
		ADA47C3A226D5C0600500FAA /* Company.swift */ = {isa = PBXFileReference; lastKnownFileType = sourcecode.swift; path = Company.swift; sourceTree = "<group>"; };
		ADA47C3C226D5F0700500FAA /* CompanyModificationController.swift */ = {isa = PBXFileReference; lastKnownFileType = sourcecode.swift; path = CompanyModificationController.swift; sourceTree = "<group>"; };
		ADA47C3E226D662600500FAA /* CompanyModificationView.swift */ = {isa = PBXFileReference; lastKnownFileType = sourcecode.swift; path = CompanyModificationView.swift; sourceTree = "<group>"; };
		ADA47C41226D8CAE00500FAA /* CreateCompanyControllerDelegate.swift */ = {isa = PBXFileReference; lastKnownFileType = sourcecode.swift; path = CreateCompanyControllerDelegate.swift; sourceTree = "<group>"; };
		ADA47C44226D901600500FAA /* CompaniesModels.xcdatamodel */ = {isa = PBXFileReference; lastKnownFileType = wrapper.xcdatamodel; path = CompaniesModels.xcdatamodel; sourceTree = "<group>"; };
		ADA47C47226F336900500FAA /* CoreDataManager.swift */ = {isa = PBXFileReference; lastKnownFileType = sourcecode.swift; path = CoreDataManager.swift; sourceTree = "<group>"; };
/* End PBXFileReference section */

/* Begin PBXFrameworksBuildPhase section */
		ADA47C12226D2D4D00500FAA /* Frameworks */ = {
			isa = PBXFrameworksBuildPhase;
			buildActionMask = 2147483647;
			files = (
			);
			runOnlyForDeploymentPostprocessing = 0;
		};
/* End PBXFrameworksBuildPhase section */

/* Begin PBXGroup section */
		ADA47C0C226D2D4D00500FAA = {
			isa = PBXGroup;
			children = (
				ADA47C17226D2D4D00500FAA /* Companies */,
				ADA47C16226D2D4D00500FAA /* Products */,
			);
			sourceTree = "<group>";
		};
		ADA47C16226D2D4D00500FAA /* Products */ = {
			isa = PBXGroup;
			children = (
				ADA47C15226D2D4D00500FAA /* Companies.app */,
			);
			name = Products;
			sourceTree = "<group>";
		};
		ADA47C17226D2D4D00500FAA /* Companies */ = {
			isa = PBXGroup;
			children = (
				ADA47C46226F335700500FAA /* Singleton */,
				ADA47C40226D8C9E00500FAA /* Protocol */,
				ADA47C36226D520600500FAA /* Extension */,
				ADA47C2A226D2E5100500FAA /* Model */,
				ADA47C2B226D2E5D00500FAA /* View */,
				ADA47C2C226D2E6300500FAA /* Controller */,
				ADA47C2D226D2E7600500FAA /* SupportingFiles */,
			);
			path = Companies;
			sourceTree = "<group>";
		};
		ADA47C2A226D2E5100500FAA /* Model */ = {
			isa = PBXGroup;
			children = (
				ADA47C3A226D5C0600500FAA /* Company.swift */,
			);
			path = Model;
			sourceTree = "<group>";
		};
		ADA47C2B226D2E5D00500FAA /* View */ = {
			isa = PBXGroup;
			children = (
				ADA47C39226D543D00500FAA /* Comapnies */,
			);
			path = View;
			sourceTree = "<group>";
		};
		ADA47C2C226D2E6300500FAA /* Controller */ = {
			isa = PBXGroup;
			children = (
				ADA47C2E226D31D300500FAA /* Navigation */,
				ADA47C33226D359400500FAA /* Companies */,
			);
			path = Controller;
			sourceTree = "<group>";
		};
		ADA47C2D226D2E7600500FAA /* SupportingFiles */ = {
			isa = PBXGroup;
			children = (
				ADA47C18226D2D4D00500FAA /* AppDelegate.swift */,
				ADA47C1F226D2D4F00500FAA /* Assets.xcassets */,
				ADA47C1C226D2D4D00500FAA /* Main.storyboard */,
				ADA47C21226D2D4F00500FAA /* LaunchScreen.storyboard */,
				ADA47C24226D2D4F00500FAA /* Info.plist */,
				ADA47C43226D901600500FAA /* CompaniesModels.xcdatamodeld */,
			);
			path = SupportingFiles;
			sourceTree = "<group>";
		};
		ADA47C2E226D31D300500FAA /* Navigation */ = {
			isa = PBXGroup;
			children = (
				ADA47C2F226D31E600500FAA /* RootNavigationController.swift */,
			);
			path = Navigation;
			sourceTree = "<group>";
		};
		ADA47C33226D359400500FAA /* Companies */ = {
			isa = PBXGroup;
			children = (
				ADA47C31226D328400500FAA /* CompaniesController.swift */,
				ADA47C3C226D5F0700500FAA /* CompanyModificationController.swift */,
			);
			path = Companies;
			sourceTree = "<group>";
		};
		ADA47C36226D520600500FAA /* Extension */ = {
			isa = PBXGroup;
			children = (
				ADA47C37226D522200500FAA /* UIColor+theme.swift */,
			);
			path = Extension;
			sourceTree = "<group>";
		};
		ADA47C39226D543D00500FAA /* Comapnies */ = {
			isa = PBXGroup;
			children = (
				ADA47C34226D510F00500FAA /* CompanyCell.swift */,
				ADA47C3E226D662600500FAA /* CompanyModificationView.swift */,
			);
			path = Comapnies;
			sourceTree = "<group>";
		};
		ADA47C40226D8C9E00500FAA /* Protocol */ = {
			isa = PBXGroup;
			children = (
				ADA47C41226D8CAE00500FAA /* CreateCompanyControllerDelegate.swift */,
			);
			path = Protocol;
			sourceTree = "<group>";
		};
		ADA47C46226F335700500FAA /* Singleton */ = {
			isa = PBXGroup;
			children = (
				ADA47C47226F336900500FAA /* CoreDataManager.swift */,
			);
			path = Singleton;
			sourceTree = "<group>";
		};
/* End PBXGroup section */

/* Begin PBXNativeTarget section */
		ADA47C14226D2D4D00500FAA /* Companies */ = {
			isa = PBXNativeTarget;
			buildConfigurationList = ADA47C27226D2D4F00500FAA /* Build configuration list for PBXNativeTarget "Companies" */;
			buildPhases = (
				ADA47C11226D2D4D00500FAA /* Sources */,
				ADA47C12226D2D4D00500FAA /* Frameworks */,
				ADA47C13226D2D4D00500FAA /* Resources */,
			);
			buildRules = (
			);
			dependencies = (
			);
			name = Companies;
			productName = Companies;
			productReference = ADA47C15226D2D4D00500FAA /* Companies.app */;
			productType = "com.apple.product-type.application";
		};
/* End PBXNativeTarget section */

/* Begin PBXProject section */
		ADA47C0D226D2D4D00500FAA /* Project object */ = {
			isa = PBXProject;
			attributes = {
				LastSwiftUpdateCheck = 1010;
				LastUpgradeCheck = 1010;
				ORGANIZATIONNAME = "Hikaru Watanabe";
				TargetAttributes = {
					ADA47C14226D2D4D00500FAA = {
						CreatedOnToolsVersion = 10.1;
					};
				};
			};
			buildConfigurationList = ADA47C10226D2D4D00500FAA /* Build configuration list for PBXProject "Companies" */;
			compatibilityVersion = "Xcode 9.3";
			developmentRegion = en;
			hasScannedForEncodings = 0;
			knownRegions = (
				en,
				Base,
			);
			mainGroup = ADA47C0C226D2D4D00500FAA;
			productRefGroup = ADA47C16226D2D4D00500FAA /* Products */;
			projectDirPath = "";
			projectRoot = "";
			targets = (
				ADA47C14226D2D4D00500FAA /* Companies */,
			);
		};
/* End PBXProject section */

/* Begin PBXResourcesBuildPhase section */
		ADA47C13226D2D4D00500FAA /* Resources */ = {
			isa = PBXResourcesBuildPhase;
			buildActionMask = 2147483647;
			files = (
				ADA47C23226D2D4F00500FAA /* LaunchScreen.storyboard in Resources */,
				ADA47C20226D2D4F00500FAA /* Assets.xcassets in Resources */,
				ADA47C1E226D2D4D00500FAA /* Main.storyboard in Resources */,
			);
			runOnlyForDeploymentPostprocessing = 0;
		};
/* End PBXResourcesBuildPhase section */

/* Begin PBXSourcesBuildPhase section */
		ADA47C11226D2D4D00500FAA /* Sources */ = {
			isa = PBXSourcesBuildPhase;
			buildActionMask = 2147483647;
			files = (
				ADA47C42226D8CAE00500FAA /* CreateCompanyControllerDelegate.swift in Sources */,
				ADA47C3F226D662600500FAA /* CompanyModificationView.swift in Sources */,
				ADA47C19226D2D4D00500FAA /* AppDelegate.swift in Sources */,
				ADA47C32226D328400500FAA /* CompaniesController.swift in Sources */,
				ADA47C30226D31E600500FAA /* RootNavigationController.swift in Sources */,
				ADA47C3D226D5F0700500FAA /* CompanyModificationController.swift in Sources */,
				ADA47C38226D522200500FAA /* UIColor+theme.swift in Sources */,
				ADA47C45226D901600500FAA /* CompaniesModels.xcdatamodeld in Sources */,
				ADA47C35226D510F00500FAA /* CompanyCell.swift in Sources */,
				ADA47C3B226D5C0600500FAA /* Company.swift in Sources */,
				ADA47C48226F336900500FAA /* CoreDataManager.swift in Sources */,
			);
			runOnlyForDeploymentPostprocessing = 0;
		};
/* End PBXSourcesBuildPhase section */

/* Begin PBXVariantGroup section */
		ADA47C1C226D2D4D00500FAA /* Main.storyboard */ = {
			isa = PBXVariantGroup;
			children = (
				ADA47C1D226D2D4D00500FAA /* Base */,
			);
			name = Main.storyboard;
			sourceTree = "<group>";
		};
		ADA47C21226D2D4F00500FAA /* LaunchScreen.storyboard */ = {
			isa = PBXVariantGroup;
			children = (
				ADA47C22226D2D4F00500FAA /* Base */,
			);
			name = LaunchScreen.storyboard;
			sourceTree = "<group>";
		};
/* End PBXVariantGroup section */

/* Begin XCBuildConfiguration section */
		ADA47C25226D2D4F00500FAA /* Debug */ = {
			isa = XCBuildConfiguration;
			buildSettings = {
				ALWAYS_SEARCH_USER_PATHS = NO;
				CLANG_ANALYZER_NONNULL = YES;
				CLANG_ANALYZER_NUMBER_OBJECT_CONVERSION = YES_AGGRESSIVE;
				CLANG_CXX_LANGUAGE_STANDARD = "gnu++14";
				CLANG_CXX_LIBRARY = "libc++";
				CLANG_ENABLE_MODULES = YES;
				CLANG_ENABLE_OBJC_ARC = YES;
				CLANG_ENABLE_OBJC_WEAK = YES;
				CLANG_WARN_BLOCK_CAPTURE_AUTORELEASING = YES;
				CLANG_WARN_BOOL_CONVERSION = YES;
				CLANG_WARN_COMMA = YES;
				CLANG_WARN_CONSTANT_CONVERSION = YES;
				CLANG_WARN_DEPRECATED_OBJC_IMPLEMENTATIONS = YES;
				CLANG_WARN_DIRECT_OBJC_ISA_USAGE = YES_ERROR;
				CLANG_WARN_DOCUMENTATION_COMMENTS = YES;
				CLANG_WARN_EMPTY_BODY = YES;
				CLANG_WARN_ENUM_CONVERSION = YES;
				CLANG_WARN_INFINITE_RECURSION = YES;
				CLANG_WARN_INT_CONVERSION = YES;
				CLANG_WARN_NON_LITERAL_NULL_CONVERSION = YES;
				CLANG_WARN_OBJC_IMPLICIT_RETAIN_SELF = YES;
				CLANG_WARN_OBJC_LITERAL_CONVERSION = YES;
				CLANG_WARN_OBJC_ROOT_CLASS = YES_ERROR;
				CLANG_WARN_RANGE_LOOP_ANALYSIS = YES;
				CLANG_WARN_STRICT_PROTOTYPES = YES;
				CLANG_WARN_SUSPICIOUS_MOVE = YES;
				CLANG_WARN_UNGUARDED_AVAILABILITY = YES_AGGRESSIVE;
				CLANG_WARN_UNREACHABLE_CODE = YES;
				CLANG_WARN__DUPLICATE_METHOD_MATCH = YES;
				CODE_SIGN_IDENTITY = "iPhone Developer";
				COPY_PHASE_STRIP = NO;
				DEBUG_INFORMATION_FORMAT = dwarf;
				ENABLE_STRICT_OBJC_MSGSEND = YES;
				ENABLE_TESTABILITY = YES;
				GCC_C_LANGUAGE_STANDARD = gnu11;
				GCC_DYNAMIC_NO_PIC = NO;
				GCC_NO_COMMON_BLOCKS = YES;
				GCC_OPTIMIZATION_LEVEL = 0;
				GCC_PREPROCESSOR_DEFINITIONS = (
					"DEBUG=1",
					"$(inherited)",
				);
				GCC_WARN_64_TO_32_BIT_CONVERSION = YES;
				GCC_WARN_ABOUT_RETURN_TYPE = YES_ERROR;
				GCC_WARN_UNDECLARED_SELECTOR = YES;
				GCC_WARN_UNINITIALIZED_AUTOS = YES_AGGRESSIVE;
				GCC_WARN_UNUSED_FUNCTION = YES;
				GCC_WARN_UNUSED_VARIABLE = YES;
				IPHONEOS_DEPLOYMENT_TARGET = 12.1;
				MTL_ENABLE_DEBUG_INFO = INCLUDE_SOURCE;
				MTL_FAST_MATH = YES;
				ONLY_ACTIVE_ARCH = YES;
				SDKROOT = iphoneos;
				SWIFT_ACTIVE_COMPILATION_CONDITIONS = DEBUG;
				SWIFT_OPTIMIZATION_LEVEL = "-Onone";
			};
			name = Debug;
		};
		ADA47C26226D2D4F00500FAA /* Release */ = {
			isa = XCBuildConfiguration;
			buildSettings = {
				ALWAYS_SEARCH_USER_PATHS = NO;
				CLANG_ANALYZER_NONNULL = YES;
				CLANG_ANALYZER_NUMBER_OBJECT_CONVERSION = YES_AGGRESSIVE;
				CLANG_CXX_LANGUAGE_STANDARD = "gnu++14";
				CLANG_CXX_LIBRARY = "libc++";
				CLANG_ENABLE_MODULES = YES;
				CLANG_ENABLE_OBJC_ARC = YES;
				CLANG_ENABLE_OBJC_WEAK = YES;
				CLANG_WARN_BLOCK_CAPTURE_AUTORELEASING = YES;
				CLANG_WARN_BOOL_CONVERSION = YES;
				CLANG_WARN_COMMA = YES;
				CLANG_WARN_CONSTANT_CONVERSION = YES;
				CLANG_WARN_DEPRECATED_OBJC_IMPLEMENTATIONS = YES;
				CLANG_WARN_DIRECT_OBJC_ISA_USAGE = YES_ERROR;
				CLANG_WARN_DOCUMENTATION_COMMENTS = YES;
				CLANG_WARN_EMPTY_BODY = YES;
				CLANG_WARN_ENUM_CONVERSION = YES;
				CLANG_WARN_INFINITE_RECURSION = YES;
				CLANG_WARN_INT_CONVERSION = YES;
				CLANG_WARN_NON_LITERAL_NULL_CONVERSION = YES;
				CLANG_WARN_OBJC_IMPLICIT_RETAIN_SELF = YES;
				CLANG_WARN_OBJC_LITERAL_CONVERSION = YES;
				CLANG_WARN_OBJC_ROOT_CLASS = YES_ERROR;
				CLANG_WARN_RANGE_LOOP_ANALYSIS = YES;
				CLANG_WARN_STRICT_PROTOTYPES = YES;
				CLANG_WARN_SUSPICIOUS_MOVE = YES;
				CLANG_WARN_UNGUARDED_AVAILABILITY = YES_AGGRESSIVE;
				CLANG_WARN_UNREACHABLE_CODE = YES;
				CLANG_WARN__DUPLICATE_METHOD_MATCH = YES;
				CODE_SIGN_IDENTITY = "iPhone Developer";
				COPY_PHASE_STRIP = NO;
				DEBUG_INFORMATION_FORMAT = "dwarf-with-dsym";
				ENABLE_NS_ASSERTIONS = NO;
				ENABLE_STRICT_OBJC_MSGSEND = YES;
				GCC_C_LANGUAGE_STANDARD = gnu11;
				GCC_NO_COMMON_BLOCKS = YES;
				GCC_WARN_64_TO_32_BIT_CONVERSION = YES;
				GCC_WARN_ABOUT_RETURN_TYPE = YES_ERROR;
				GCC_WARN_UNDECLARED_SELECTOR = YES;
				GCC_WARN_UNINITIALIZED_AUTOS = YES_AGGRESSIVE;
				GCC_WARN_UNUSED_FUNCTION = YES;
				GCC_WARN_UNUSED_VARIABLE = YES;
				IPHONEOS_DEPLOYMENT_TARGET = 12.1;
				MTL_ENABLE_DEBUG_INFO = NO;
				MTL_FAST_MATH = YES;
				SDKROOT = iphoneos;
				SWIFT_COMPILATION_MODE = wholemodule;
				SWIFT_OPTIMIZATION_LEVEL = "-O";
				VALIDATE_PRODUCT = YES;
			};
			name = Release;
		};
		ADA47C28226D2D4F00500FAA /* Debug */ = {
			isa = XCBuildConfiguration;
			buildSettings = {
				ASSETCATALOG_COMPILER_APPICON_NAME = AppIcon;
				CODE_SIGN_STYLE = Automatic;
				DEVELOPMENT_TEAM = 8J7JFF5D87;
				INFOPLIST_FILE = "$(SRCROOT)/Companies/SupportingFiles/Info.plist";
				LD_RUNPATH_SEARCH_PATHS = (
					"$(inherited)",
					"@executable_path/Frameworks",
				);
				PRODUCT_BUNDLE_IDENTIFIER = com.HikaruWatanabe.Companies;
				PRODUCT_NAME = "$(TARGET_NAME)";
				SWIFT_VERSION = 4.2;
				TARGETED_DEVICE_FAMILY = "1,2";
			};
			name = Debug;
		};
		ADA47C29226D2D4F00500FAA /* Release */ = {
			isa = XCBuildConfiguration;
			buildSettings = {
				ASSETCATALOG_COMPILER_APPICON_NAME = AppIcon;
				CODE_SIGN_STYLE = Automatic;
				DEVELOPMENT_TEAM = 8J7JFF5D87;
				INFOPLIST_FILE = "$(SRCROOT)/Companies/SupportingFiles/Info.plist";
				LD_RUNPATH_SEARCH_PATHS = (
					"$(inherited)",
					"@executable_path/Frameworks",
				);
				PRODUCT_BUNDLE_IDENTIFIER = com.HikaruWatanabe.Companies;
				PRODUCT_NAME = "$(TARGET_NAME)";
				SWIFT_VERSION = 4.2;
				TARGETED_DEVICE_FAMILY = "1,2";
			};
			name = Release;
		};
/* End XCBuildConfiguration section */

/* Begin XCConfigurationList section */
		ADA47C10226D2D4D00500FAA /* Build configuration list for PBXProject "Companies" */ = {
			isa = XCConfigurationList;
			buildConfigurations = (
				ADA47C25226D2D4F00500FAA /* Debug */,
				ADA47C26226D2D4F00500FAA /* Release */,
			);
			defaultConfigurationIsVisible = 0;
			defaultConfigurationName = Release;
		};
		ADA47C27226D2D4F00500FAA /* Build configuration list for PBXNativeTarget "Companies" */ = {
			isa = XCConfigurationList;
			buildConfigurations = (
				ADA47C28226D2D4F00500FAA /* Debug */,
				ADA47C29226D2D4F00500FAA /* Release */,
			);
			defaultConfigurationIsVisible = 0;
			defaultConfigurationName = Release;
		};
/* End XCConfigurationList section */

/* Begin XCVersionGroup section */
		ADA47C43226D901600500FAA /* CompaniesModels.xcdatamodeld */ = {
			isa = XCVersionGroup;
			children = (
				ADA47C44226D901600500FAA /* CompaniesModels.xcdatamodel */,
			);
			currentVersion = ADA47C44226D901600500FAA /* CompaniesModels.xcdatamodel */;
			path = CompaniesModels.xcdatamodeld;
			sourceTree = "<group>";
			versionGroupType = wrapper.xcdatamodel;
		};
/* End XCVersionGroup section */
	};
	rootObject = ADA47C0D226D2D4D00500FAA /* Project object */;
}
